
Microsoft Visual Studio Solution File, Format Version 12.00
# Visual Studio Version 17
VisualStudioVersion = 17.4.33213.308
MinimumVisualStudioVersion = 10.0.40219.1
Project("{9A19103F-16F7-4668-BE54-9A1E7A4F7556}") = "DataAccess", "DataAccess\DataAccess.csproj", "{B5F10001-7725-41B3-9BCB-2AE0DD38494E}"
EndProject
Project("{9A19103F-16F7-4668-BE54-9A1E7A4F7556}") = "Business", "Business\Business.csproj", "{EAC55E70-5F07-46F8-BF1A-6B2E1B20A347}"
EndProject
Project("{9A19103F-16F7-4668-BE54-9A1E7A4F7556}") = "Entities", "Entities\Entities.csproj", "{8118DC3C-7F84-4BF4-BA1A-99212CF174CC}"
EndProject
Project("{9A19103F-16F7-4668-BE54-9A1E7A4F7556}") = "ConsoleUI", "ConsoleUI\ConsoleUI.csproj", "{83D95DDA-A0EC-4BDF-B0DE-DFD4AB60AEFB}"
EndProject
Project("{FAE04EC0-301F-11D3-BF4B-00C04F79EFBC}") = "Core", "Core\Core.csproj", "{0F5BCB85-711F-40D6-8A07-68FA076DE84B}"
EndProject
Global
	GlobalSection(SolutionConfigurationPlatforms) = preSolution
		Debug|Any CPU = Debug|Any CPU
		Release|Any CPU = Release|Any CPU
	EndGlobalSection
	GlobalSection(ProjectConfigurationPlatforms) = postSolution
		{B5F10001-7725-41B3-9BCB-2AE0DD38494E}.Debug|Any CPU.ActiveCfg = Debug|Any CPU
		{B5F10001-7725-41B3-9BCB-2AE0DD38494E}.Debug|Any CPU.Build.0 = Debug|Any CPU
		{B5F10001-7725-41B3-9BCB-2AE0DD38494E}.Release|Any CPU.ActiveCfg = Release|Any CPU
		{B5F10001-7725-41B3-9BCB-2AE0DD38494E}.Release|Any CPU.Build.0 = Release|Any CPU
		{EAC55E70-5F07-46F8-BF1A-6B2E1B20A347}.Debug|Any CPU.ActiveCfg = Debug|Any CPU
		{EAC55E70-5F07-46F8-BF1A-6B2E1B20A347}.Debug|Any CPU.Build.0 = Debug|Any CPU
		{EAC55E70-5F07-46F8-BF1A-6B2E1B20A347}.Release|Any CPU.ActiveCfg = Release|Any CPU
		{EAC55E70-5F07-46F8-BF1A-6B2E1B20A347}.Release|Any CPU.Build.0 = Release|Any CPU
		{8118DC3C-7F84-4BF4-BA1A-99212CF174CC}.Debug|Any CPU.ActiveCfg = Debug|Any CPU
		{8118DC3C-7F84-4BF4-BA1A-99212CF174CC}.Debug|Any CPU.Build.0 = Debug|Any CPU
		{8118DC3C-7F84-4BF4-BA1A-99212CF174CC}.Release|Any CPU.ActiveCfg = Release|Any CPU
		{8118DC3C-7F84-4BF4-BA1A-99212CF174CC}.Release|Any CPU.Build.0 = Release|Any CPU
		{83D95DDA-A0EC-4BDF-B0DE-DFD4AB60AEFB}.Debug|Any CPU.ActiveCfg = Debug|Any CPU
		{83D95DDA-A0EC-4BDF-B0DE-DFD4AB60AEFB}.Debug|Any CPU.Build.0 = Debug|Any CPU
		{83D95DDA-A0EC-4BDF-B0DE-DFD4AB60AEFB}.Release|Any CPU.ActiveCfg = Release|Any CPU
		{83D95DDA-A0EC-4BDF-B0DE-DFD4AB60AEFB}.Release|Any CPU.Build.0 = Release|Any CPU
		{0F5BCB85-711F-40D6-8A07-68FA076DE84B}.Debug|Any CPU.ActiveCfg = Debug|Any CPU
		{0F5BCB85-711F-40D6-8A07-68FA076DE84B}.Debug|Any CPU.Build.0 = Debug|Any CPU
		{0F5BCB85-711F-40D6-8A07-68FA076DE84B}.Release|Any CPU.ActiveCfg = Release|Any CPU
		{0F5BCB85-711F-40D6-8A07-68FA076DE84B}.Release|Any CPU.Build.0 = Release|Any CPU
	EndGlobalSection
	GlobalSection(SolutionProperties) = preSolution
		HideSolutionNode = FALSE
	EndGlobalSection
	GlobalSection(ExtensibilityGlobals) = postSolution
		SolutionGuid = {0B57C5C7-0680-4FC3-9DF3-004E8DFFA094}
	EndGlobalSection
EndGlobal
